
Microsoft Visual Studio Solution File, Format Version 12.00
# Visual Studio Version 17
VisualStudioVersion = 17.5.33414.496
MinimumVisualStudioVersion = 10.0.40219.1
Project("{2150E333-8FDC-42A3-9474-1A3956D46DE8}") = "Data", "Data", "{6DCFD2D6-4C7F-44B1-825E-31C60873C58D}"
EndProject
Project("{2150E333-8FDC-42A3-9474-1A3956D46DE8}") = "Services", "Services", "{8F29C5F4-22D7-4C53-84AC-C78C82E8C2E3}"
EndProject
Project("{2150E333-8FDC-42A3-9474-1A3956D46DE8}") = "Shared", "Shared", "{0C350FCB-DA83-454F-8580-143B169B2BEF}"
EndProject
Project("{2150E333-8FDC-42A3-9474-1A3956D46DE8}") = "Systems", "Systems", "{7333E743-453B-47AA-AF79-5A3B3F8B946A}"
EndProject
Project("{2150E333-8FDC-42A3-9474-1A3956D46DE8}") = "API", "API", "{4BDB67C4-9075-465E-865F-CBBE7A4399C2}"
EndProject
Project("{2150E333-8FDC-42A3-9474-1A3956D46DE8}") = "Identity", "Identity", "{AD679D40-BAF6-4EE6-904F-76E7223A6901}"
EndProject
Project("{2150E333-8FDC-42A3-9474-1A3956D46DE8}") = "Tests", "Tests", "{DE6297DF-6A20-4D60-87B4-3F22BBAAE03C}"
EndProject
Project("{9A19103F-16F7-4668-BE54-9A1E7A4F7556}") = "AnimalExhibition.API", "Systems\API\AnimalExhibition.API\AnimalExhibition.API.csproj", "{4C317FD5-ED36-4A86-9E64-5D22A348A063}"
EndProject
Project("{9A19103F-16F7-4668-BE54-9A1E7A4F7556}") = "AnimalExhibition.API.Settings", "Systems\API\AnimalExhibition.Settings\AnimalExhibition.API.Settings.csproj", "{A20A884F-679F-4599-A4AE-285401CEAE68}"
EndProject
Project("{9A19103F-16F7-4668-BE54-9A1E7A4F7556}") = "AnimalExhibition.Common", "Shared\AnimalExhibition.Common\AnimalExhibition.Common.csproj", "{55AD9E3C-0A33-4A38-A4FE-20E385340ECA}"
EndProject
Project("{9A19103F-16F7-4668-BE54-9A1E7A4F7556}") = "AnimalExhibition.Settings", "Shared\AnimalExhibition.Settings\AnimalExhibition.Settings.csproj", "{18D34115-2EF8-46D8-9778-6DEAEE3FC496}"
EndProject
Project("{9A19103F-16F7-4668-BE54-9A1E7A4F7556}") = "AnimalExhibition.Services.Settings", "Services\AnimalExhibition.Services.Settings\AnimalExhibition.Services.Settings.csproj", "{8F14BAA3-17AA-4B4D-95C5-8A60FD9BB381}"
EndProject
Project("{E53339B2-1760-4266-BCC7-CA923CBCF16C}") = "docker-compose", "docker-compose.dcproj", "{60F09F17-B36D-4284-A5AB-25367EDFC6CE}"
EndProject
Project("{9A19103F-16F7-4668-BE54-9A1E7A4F7556}") = "AnimalExhibition.Context", "Data\AnimalExhibition.Context\AnimalExhibition.Context.csproj", "{0FF64D0D-660C-4FC7-9611-B260A1A49308}"
EndProject
Project("{9A19103F-16F7-4668-BE54-9A1E7A4F7556}") = "AnimalExhibition.ContextEntities", "Data\AnimalExhibition.ContextEntities\AnimalExhibition.ContextEntities.csproj", "{F70B529D-6BE5-4269-AB6F-924ACD85E67F}"
EndProject
Project("{2150E333-8FDC-42A3-9474-1A3956D46DE8}") = "Migrations", "Migrations", "{2D87283E-A02B-4F17-B3FF-C1804D75F420}"
EndProject
Project("{FAE04EC0-301F-11D3-BF4B-00C04F79EFBC}") = "AnimalExhibition.Context.MigrationsMSSQL", "Data\Migrations\AnimalExhibition.Context.MigrationsMSSQL\AnimalExhibition.Context.MigrationsMSSQL.csproj", "{E6A66D9C-D7EB-4E43-B101-BFC237E47CB9}"
EndProject
Project("{FAE04EC0-301F-11D3-BF4B-00C04F79EFBC}") = "AnimalExhibition.Context.MigrationsPostgreSQL", "Data\Migrations\AnimalExhibition.Context.MigrationsPostgreSQL\AnimalExhibition.Context.MigrationsPostgreSQL.csproj", "{90203A9B-838F-466A-8BE2-21E0E7EAB372}"
EndProject
Global
	GlobalSection(SolutionConfigurationPlatforms) = preSolution
		Debug|Any CPU = Debug|Any CPU
		Release|Any CPU = Release|Any CPU
	EndGlobalSection
	GlobalSection(ProjectConfigurationPlatforms) = postSolution
		{4C317FD5-ED36-4A86-9E64-5D22A348A063}.Debug|Any CPU.ActiveCfg = Debug|Any CPU
		{4C317FD5-ED36-4A86-9E64-5D22A348A063}.Debug|Any CPU.Build.0 = Debug|Any CPU
		{4C317FD5-ED36-4A86-9E64-5D22A348A063}.Release|Any CPU.ActiveCfg = Release|Any CPU
		{4C317FD5-ED36-4A86-9E64-5D22A348A063}.Release|Any CPU.Build.0 = Release|Any CPU
		{A20A884F-679F-4599-A4AE-285401CEAE68}.Debug|Any CPU.ActiveCfg = Debug|Any CPU
		{A20A884F-679F-4599-A4AE-285401CEAE68}.Debug|Any CPU.Build.0 = Debug|Any CPU
		{A20A884F-679F-4599-A4AE-285401CEAE68}.Release|Any CPU.ActiveCfg = Release|Any CPU
		{A20A884F-679F-4599-A4AE-285401CEAE68}.Release|Any CPU.Build.0 = Release|Any CPU
		{55AD9E3C-0A33-4A38-A4FE-20E385340ECA}.Debug|Any CPU.ActiveCfg = Debug|Any CPU
		{55AD9E3C-0A33-4A38-A4FE-20E385340ECA}.Debug|Any CPU.Build.0 = Debug|Any CPU
		{55AD9E3C-0A33-4A38-A4FE-20E385340ECA}.Release|Any CPU.ActiveCfg = Release|Any CPU
		{55AD9E3C-0A33-4A38-A4FE-20E385340ECA}.Release|Any CPU.Build.0 = Release|Any CPU
		{18D34115-2EF8-46D8-9778-6DEAEE3FC496}.Debug|Any CPU.ActiveCfg = Debug|Any CPU
		{18D34115-2EF8-46D8-9778-6DEAEE3FC496}.Debug|Any CPU.Build.0 = Debug|Any CPU
		{18D34115-2EF8-46D8-9778-6DEAEE3FC496}.Release|Any CPU.ActiveCfg = Release|Any CPU
		{18D34115-2EF8-46D8-9778-6DEAEE3FC496}.Release|Any CPU.Build.0 = Release|Any CPU
		{8F14BAA3-17AA-4B4D-95C5-8A60FD9BB381}.Debug|Any CPU.ActiveCfg = Debug|Any CPU
		{8F14BAA3-17AA-4B4D-95C5-8A60FD9BB381}.Debug|Any CPU.Build.0 = Debug|Any CPU
		{8F14BAA3-17AA-4B4D-95C5-8A60FD9BB381}.Release|Any CPU.ActiveCfg = Release|Any CPU
		{8F14BAA3-17AA-4B4D-95C5-8A60FD9BB381}.Release|Any CPU.Build.0 = Release|Any CPU
		{60F09F17-B36D-4284-A5AB-25367EDFC6CE}.Debug|Any CPU.ActiveCfg = Debug|Any CPU
		{60F09F17-B36D-4284-A5AB-25367EDFC6CE}.Debug|Any CPU.Build.0 = Debug|Any CPU
		{60F09F17-B36D-4284-A5AB-25367EDFC6CE}.Release|Any CPU.ActiveCfg = Release|Any CPU
		{60F09F17-B36D-4284-A5AB-25367EDFC6CE}.Release|Any CPU.Build.0 = Release|Any CPU
		{0FF64D0D-660C-4FC7-9611-B260A1A49308}.Debug|Any CPU.ActiveCfg = Debug|Any CPU
		{0FF64D0D-660C-4FC7-9611-B260A1A49308}.Debug|Any CPU.Build.0 = Debug|Any CPU
		{0FF64D0D-660C-4FC7-9611-B260A1A49308}.Release|Any CPU.ActiveCfg = Release|Any CPU
		{0FF64D0D-660C-4FC7-9611-B260A1A49308}.Release|Any CPU.Build.0 = Release|Any CPU
		{F70B529D-6BE5-4269-AB6F-924ACD85E67F}.Debug|Any CPU.ActiveCfg = Debug|Any CPU
		{F70B529D-6BE5-4269-AB6F-924ACD85E67F}.Debug|Any CPU.Build.0 = Debug|Any CPU
		{F70B529D-6BE5-4269-AB6F-924ACD85E67F}.Release|Any CPU.ActiveCfg = Release|Any CPU
		{F70B529D-6BE5-4269-AB6F-924ACD85E67F}.Release|Any CPU.Build.0 = Release|Any CPU
		{E6A66D9C-D7EB-4E43-B101-BFC237E47CB9}.Debug|Any CPU.ActiveCfg = Debug|Any CPU
		{E6A66D9C-D7EB-4E43-B101-BFC237E47CB9}.Debug|Any CPU.Build.0 = Debug|Any CPU
		{E6A66D9C-D7EB-4E43-B101-BFC237E47CB9}.Release|Any CPU.ActiveCfg = Release|Any CPU
		{E6A66D9C-D7EB-4E43-B101-BFC237E47CB9}.Release|Any CPU.Build.0 = Release|Any CPU
		{90203A9B-838F-466A-8BE2-21E0E7EAB372}.Debug|Any CPU.ActiveCfg = Debug|Any CPU
		{90203A9B-838F-466A-8BE2-21E0E7EAB372}.Debug|Any CPU.Build.0 = Debug|Any CPU
		{90203A9B-838F-466A-8BE2-21E0E7EAB372}.Release|Any CPU.ActiveCfg = Release|Any CPU
		{90203A9B-838F-466A-8BE2-21E0E7EAB372}.Release|Any CPU.Build.0 = Release|Any CPU
	EndGlobalSection
	GlobalSection(SolutionProperties) = preSolution
		HideSolutionNode = FALSE
	EndGlobalSection
	GlobalSection(NestedProjects) = preSolution
		{4BDB67C4-9075-465E-865F-CBBE7A4399C2} = {7333E743-453B-47AA-AF79-5A3B3F8B946A}
		{AD679D40-BAF6-4EE6-904F-76E7223A6901} = {7333E743-453B-47AA-AF79-5A3B3F8B946A}
		{4C317FD5-ED36-4A86-9E64-5D22A348A063} = {4BDB67C4-9075-465E-865F-CBBE7A4399C2}
		{A20A884F-679F-4599-A4AE-285401CEAE68} = {4BDB67C4-9075-465E-865F-CBBE7A4399C2}
		{55AD9E3C-0A33-4A38-A4FE-20E385340ECA} = {0C350FCB-DA83-454F-8580-143B169B2BEF}
		{18D34115-2EF8-46D8-9778-6DEAEE3FC496} = {0C350FCB-DA83-454F-8580-143B169B2BEF}
		{8F14BAA3-17AA-4B4D-95C5-8A60FD9BB381} = {8F29C5F4-22D7-4C53-84AC-C78C82E8C2E3}
		{0FF64D0D-660C-4FC7-9611-B260A1A49308} = {6DCFD2D6-4C7F-44B1-825E-31C60873C58D}
		{F70B529D-6BE5-4269-AB6F-924ACD85E67F} = {6DCFD2D6-4C7F-44B1-825E-31C60873C58D}
		{2D87283E-A02B-4F17-B3FF-C1804D75F420} = {6DCFD2D6-4C7F-44B1-825E-31C60873C58D}
		{E6A66D9C-D7EB-4E43-B101-BFC237E47CB9} = {2D87283E-A02B-4F17-B3FF-C1804D75F420}
		{90203A9B-838F-466A-8BE2-21E0E7EAB372} = {2D87283E-A02B-4F17-B3FF-C1804D75F420}
	EndGlobalSection
	GlobalSection(ExtensibilityGlobals) = postSolution
		SolutionGuid = {9B53129A-CCF9-43DC-A5B7-5BB75A616B3F}
	EndGlobalSection
EndGlobal
